PODS:
  - FDFullscreenPopGesture (1.1)
  - MJRefresh (3.5.0)
  - ZFPlayer_htyo (4.1.5):
    - ZFPlayer_htyo/Core (= 4.1.5)
  - ZFPlayer_htyo/Core (4.1.5)

DEPENDENCIES:
  - FDFullscreenPopGesture
  - MJRefresh
  - ZFPlayer_htyo (from `../`)

SPEC REPOS:
  https://github.com/CocoaPods/Specs.git:
    - FDFullscreenPopGesture
    - MJRefresh

EXTERNAL SOURCES:
  ZFPlayer_htyo:
    :path: "../"

SPEC CHECKSUMS:
  FDFullscreenPopGesture: a8a620179e3d9c40e8e00256dcee1c1a27c6d0f0
  MJRefresh: 6afc955813966afb08305477dd7a0d9ad5e79a16
  ZFPlayer_htyo: bba28618f70d32bbc22717d3084ce7aee2e4a77a

PODFILE CHECKSUM: 2b1875406e416c05bd0101de8fd92b0ba69d7934

COCOAPODS: 1.15.2
